// !$*UTF8*$!
{
	archiveVersion = 1;
	classes = {
	};
	objectVersion = 50;
	objects = {

/* Begin PBXBuildFile section */
		8A4554BB22AE837B009764DF /* AppDelegate.swift in Sources */ = {isa = PBXBuildFile; fileRef = 8A4554BA22AE837B009764DF /* AppDelegate.swift */; };
		8A4554BD22AE837B009764DF /* ViewController.swift in Sources */ = {isa = PBXBuildFile; fileRef = 8A4554BC22AE837B009764DF /* ViewController.swift */; };
		8A4554C022AE837B009764DF /* Main.storyboard in Resources */ = {isa = PBXBuildFile; fileRef = 8A4554BE22AE837B009764DF /* Main.storyboard */; };
		8A4554C322AE837B009764DF /* CoreData_CollectionView.xcdatamodeld in Sources */ = {isa = PBXBuildFile; fileRef = 8A4554C122AE837B009764DF /* CoreData_CollectionView.xcdatamodeld */; };
		8A4554C522AE837C009764DF /* Assets.xcassets in Resources */ = {isa = PBXBuildFile; fileRef = 8A4554C422AE837C009764DF /* Assets.xcassets */; };
		8A4554C822AE837C009764DF /* LaunchScreen.storyboard in Resources */ = {isa = PBXBuildFile; fileRef = 8A4554C622AE837C009764DF /* LaunchScreen.storyboard */; };
		8A4554D022AE8602009764DF /* CollectionViewCell.swift in Sources */ = {isa = PBXBuildFile; fileRef = 8A4554CF22AE8602009764DF /* CollectionViewCell.swift */; };
		8A4554D422AE882A009764DF /* PersistenceService.swift in Sources */ = {isa = PBXBuildFile; fileRef = 8A4554D322AE882A009764DF /* PersistenceService.swift */; };
		8A4554D722AE8AA0009764DF /* Game+CoreDataClass.swift in Sources */ = {isa = PBXBuildFile; fileRef = 8A4554D522AE8AA0009764DF /* Game+CoreDataClass.swift */; };
		8A4554D822AE8AA0009764DF /* Game+CoreDataProperties.swift in Sources */ = {isa = PBXBuildFile; fileRef = 8A4554D622AE8AA0009764DF /* Game+CoreDataProperties.swift */; };
/* End PBXBuildFile section */

/* Begin PBXFileReference section */
		8A4554B722AE837B009764DF /* CoreData CollectionView.app */ = {isa = PBXFileReference; explicitFileType = wrapper.application; includeInIndex = 0; path = "CoreData CollectionView.app"; sourceTree = BUILT_PRODUCTS_DIR; };
		8A4554BA22AE837B009764DF /* AppDelegate.swift */ = {isa = PBXFileReference; lastKnownFileType = sourcecode.swift; path = AppDelegate.swift; sourceTree = "<group>"; };
		8A4554BC22AE837B009764DF /* ViewController.swift */ = {isa = PBXFileReference; lastKnownFileType = sourcecode.swift; path = ViewController.swift; sourceTree = "<group>"; };
		8A4554BF22AE837B009764DF /* Base */ = {isa = PBXFileReference; lastKnownFileType = file.storyboard; name = Base; path = Base.lproj/Main.storyboard; sourceTree = "<group>"; };
		8A4554C222AE837B009764DF /* CoreData_CollectionView.xcdatamodel */ = {isa = PBXFileReference; lastKnownFileType = wrapper.xcdatamodel; path = CoreData_CollectionView.xcdatamodel; sourceTree = "<group>"; };
		8A4554C422AE837C009764DF /* Assets.xcassets */ = {isa = PBXFileReference; lastKnownFileType = folder.assetcatalog; path = Assets.xcassets; sourceTree = "<group>"; };
		8A4554C722AE837C009764DF /* Base */ = {isa = PBXFileReference; lastKnownFileType = file.storyboard; name = Base; path = Base.lproj/LaunchScreen.storyboard; sourceTree = "<group>"; };
		8A4554C922AE837C009764DF /* Info.plist */ = {isa = PBXFileReference; lastKnownFileType = text.plist.xml; path = Info.plist; sourceTree = "<group>"; };
		8A4554CF22AE8602009764DF /* CollectionViewCell.swift */ = {isa = PBXFileReference; lastKnownFileType = sourcecode.swift; path = CollectionViewCell.swift; sourceTree = "<group>"; };
		8A4554D322AE882A009764DF /* PersistenceService.swift */ = {isa = PBXFileReference; lastKnownFileType = sourcecode.swift; path = PersistenceService.swift; sourceTree = "<group>"; };
		8A4554D522AE8AA0009764DF /* Game+CoreDataClass.swift */ = {isa = PBXFileReference; lastKnownFileType = sourcecode.swift; path = "Game+CoreDataClass.swift"; sourceTree = "<group>"; };
		8A4554D622AE8AA0009764DF /* Game+CoreDataProperties.swift */ = {isa = PBXFileReference; lastKnownFileType = sourcecode.swift; path = "Game+CoreDataProperties.swift"; sourceTree = "<group>"; };
/* End PBXFileReference section */

/* Begin PBXFrameworksBuildPhase section */
		8A4554B422AE837B009764DF /* Frameworks */ = {
			isa = PBXFrameworksBuildPhase;
			buildActionMask = 2147483647;
			files = (
			);
			runOnlyForDeploymentPostprocessing = 0;
		};
/* End PBXFrameworksBuildPhase section */

/* Begin PBXGroup section */
		8A4554AE22AE837B009764DF = {
			isa = PBXGroup;
			children = (
				8A4554B922AE837B009764DF /* CoreData CollectionView */,
				8A4554B822AE837B009764DF /* Products */,
			);
			sourceTree = "<group>";
		};
		8A4554B822AE837B009764DF /* Products */ = {
			isa = PBXGroup;
			children = (
				8A4554B722AE837B009764DF /* CoreData CollectionView.app */,
			);
			name = Products;
			sourceTree = "<group>";
		};
		8A4554B922AE837B009764DF /* CoreData CollectionView */ = {
			isa = PBXGroup;
			children = (
				8A4554D522AE8AA0009764DF /* Game+CoreDataClass.swift */,
				8A4554D622AE8AA0009764DF /* Game+CoreDataProperties.swift */,
				8A4554BA22AE837B009764DF /* AppDelegate.swift */,
				8A4554BC22AE837B009764DF /* ViewController.swift */,
				8A4554BE22AE837B009764DF /* Main.storyboard */,
				8A4554C422AE837C009764DF /* Assets.xcassets */,
				8A4554C622AE837C009764DF /* LaunchScreen.storyboard */,
				8A4554C922AE837C009764DF /* Info.plist */,
				8A4554C122AE837B009764DF /* CoreData_CollectionView.xcdatamodeld */,
				8A4554CF22AE8602009764DF /* CollectionViewCell.swift */,
				8A4554D322AE882A009764DF /* PersistenceService.swift */,
			);
			path = "CoreData CollectionView";
			sourceTree = "<group>";
		};
/* End PBXGroup section */

/* Begin PBXNativeTarget section */
		8A4554B622AE837B009764DF /* CoreData CollectionView */ = {
			isa = PBXNativeTarget;
			buildConfigurationList = 8A4554CC22AE837C009764DF /* Build configuration list for PBXNativeTarget "CoreData CollectionView" */;
			buildPhases = (
				8A4554B322AE837B009764DF /* Sources */,
				8A4554B422AE837B009764DF /* Frameworks */,
				8A4554B522AE837B009764DF /* Resources */,
			);
			buildRules = (
			);
			dependencies = (
			);
			name = "CoreData CollectionView";
			productName = "CoreData CollectionView";
			productReference = 8A4554B722AE837B009764DF /* CoreData CollectionView.app */;
			productType = "com.apple.product-type.application";
		};
/* End PBXNativeTarget section */

/* Begin PBXProject section */
		8A4554AF22AE837B009764DF /* Project object */ = {
			isa = PBXProject;
			attributes = {
				LastSwiftUpdateCheck = 1020;
				LastUpgradeCheck = 1020;
				ORGANIZATIONNAME = "Matheus Lima Ferreira";
				TargetAttributes = {
					8A4554B622AE837B009764DF = {
						CreatedOnToolsVersion = 10.2.1;
					};
				};
			};
			buildConfigurationList = 8A4554B222AE837B009764DF /* Build configuration list for PBXProject "CoreData CollectionView" */;
			compatibilityVersion = "Xcode 9.3";
			developmentRegion = en;
			hasScannedForEncodings = 0;
			knownRegions = (
				en,
				Base,
			);
			mainGroup = 8A4554AE22AE837B009764DF;
			productRefGroup = 8A4554B822AE837B009764DF /* Products */;
			projectDirPath = "";
			projectRoot = "";
			targets = (
				8A4554B622AE837B009764DF /* CoreData CollectionView */,
			);
		};
/* End PBXProject section */

/* Begin PBXResourcesBuildPhase section */
		8A4554B522AE837B009764DF /* Resources */ = {
			isa = PBXResourcesBuildPhase;
			buildActionMask = 2147483647;
			files = (
				8A4554C822AE837C009764DF /* LaunchScreen.storyboard in Resources */,
				8A4554C522AE837C009764DF /* Assets.xcassets in Resources */,
				8A4554C022AE837B009764DF /* Main.storyboard in Resources */,
			);
			runOnlyForDeploymentPostprocessing = 0;
		};
/* End PBXResourcesBuildPhase section */

/* Begin PBXSourcesBuildPhase section */
		8A4554B322AE837B009764DF /* Sources */ = {
			isa = PBXSourcesBuildPhase;
			buildActionMask = 2147483647;
			files = (
				8A4554D822AE8AA0009764DF /* Game+CoreDataProperties.swift in Sources */,
				8A4554D422AE882A009764DF /* PersistenceService.swift in Sources */,
				8A4554BD22AE837B009764DF /* ViewController.swift in Sources */,
				8A4554BB22AE837B009764DF /* AppDelegate.swift in Sources */,
				8A4554D022AE8602009764DF /* CollectionViewCell.swift in Sources */,
				8A4554C322AE837B009764DF /* CoreData_CollectionView.xcdatamodeld in Sources */,
				8A4554D722AE8AA0009764DF /* Game+CoreDataClass.swift in Sources */,
			);
			runOnlyForDeploymentPostprocessing = 0;
		};
/* End PBXSourcesBuildPhase section */

/* Begin PBXVariantGroup section */
		8A4554BE22AE837B009764DF /* Main.storyboard */ = {
			isa = PBXVariantGroup;
			children = (
				8A4554BF22AE837B009764DF /* Base */,
			);
			name = Main.storyboard;
			sourceTree = "<group>";
		};
		8A4554C622AE837C009764DF /* LaunchScreen.storyboard */ = {
			isa = PBXVariantGroup;
			children = (
				8A4554C722AE837C009764DF /* Base */,
			);
			name = LaunchScreen.storyboard;
			sourceTree = "<group>";
		};
/* End PBXVariantGroup section */

/* Begin XCBuildConfiguration section */
		8A4554CA22AE837C009764DF /* Debug */ = {
			isa = XCBuildConfiguration;
			buildSettings = {
				ALWAYS_SEARCH_USER_PATHS = NO;
				CLANG_ANALYZER_NONNULL = YES;
				CLANG_ANALYZER_NUMBER_OBJECT_CONVERSION = YES_AGGRESSIVE;
				CLANG_CXX_LANGUAGE_STANDARD = "gnu++14";
				CLANG_CXX_LIBRARY = "libc++";
				CLANG_ENABLE_MODULES = YES;
				CLANG_ENABLE_OBJC_ARC = YES;
				CLANG_ENABLE_OBJC_WEAK = YES;
				CLANG_WARN_BLOCK_CAPTURE_AUTORELEASING = YES;
				CLANG_WARN_BOOL_CONVERSION = YES;
				CLANG_WARN_COMMA = YES;
				CLANG_WARN_CONSTANT_CONVERSION = YES;
				CLANG_WARN_DEPRECATED_OBJC_IMPLEMENTATIONS = YES;
				CLANG_WARN_DIRECT_OBJC_ISA_USAGE = YES_ERROR;
				CLANG_WARN_DOCUMENTATION_COMMENTS = YES;
				CLANG_WARN_EMPTY_BODY = YES;
				CLANG_WARN_ENUM_CONVERSION = YES;
				CLANG_WARN_INFINITE_RECURSION = YES;
				CLANG_WARN_INT_CONVERSION = YES;
				CLANG_WARN_NON_LITERAL_NULL_CONVERSION = YES;
				CLANG_WARN_OBJC_IMPLICIT_RETAIN_SELF = YES;
				CLANG_WARN_OBJC_LITERAL_CONVERSION = YES;
				CLANG_WARN_OBJC_ROOT_CLASS = YES_ERROR;
				CLANG_WARN_RANGE_LOOP_ANALYSIS = YES;
				CLANG_WARN_STRICT_PROTOTYPES = YES;
				CLANG_WARN_SUSPICIOUS_MOVE = YES;
				CLANG_WARN_UNGUARDED_AVAILABILITY = YES_AGGRESSIVE;
				CLANG_WARN_UNREACHABLE_CODE = YES;
				CLANG_WARN__DUPLICATE_METHOD_MATCH = YES;
				CODE_SIGN_IDENTITY = "iPhone Developer";
				COPY_PHASE_STRIP = NO;
				DEBUG_INFORMATION_FORMAT = dwarf;
				ENABLE_STRICT_OBJC_MSGSEND = YES;
				ENABLE_TESTABILITY = YES;
				GCC_C_LANGUAGE_STANDARD = gnu11;
				GCC_DYNAMIC_NO_PIC = NO;
				GCC_NO_COMMON_BLOCKS = YES;
				GCC_OPTIMIZATION_LEVEL = 0;
				GCC_PREPROCESSOR_DEFINITIONS = (
					"DEBUG=1",
					"$(inherited)",
				);
				GCC_WARN_64_TO_32_BIT_CONVERSION = YES;
				GCC_WARN_ABOUT_RETURN_TYPE = YES_ERROR;
				GCC_WARN_UNDECLARED_SELECTOR = YES;
				GCC_WARN_UNINITIALIZED_AUTOS = YES_AGGRESSIVE;
				GCC_WARN_UNUSED_FUNCTION = YES;
				GCC_WARN_UNUSED_VARIABLE = YES;
				IPHONEOS_DEPLOYMENT_TARGET = 12.2;
				MTL_ENABLE_DEBUG_INFO = INCLUDE_SOURCE;
				MTL_FAST_MATH = YES;
				ONLY_ACTIVE_ARCH = YES;
				SDKROOT = iphoneos;
				SWIFT_ACTIVE_COMPILATION_CONDITIONS = DEBUG;
				SWIFT_OPTIMIZATION_LEVEL = "-Onone";
			};
			name = Debug;
		};
		8A4554CB22AE837C009764DF /* Release */ = {
			isa = XCBuildConfiguration;
			buildSettings = {
				ALWAYS_SEARCH_USER_PATHS = NO;
				CLANG_ANALYZER_NONNULL = YES;
				CLANG_ANALYZER_NUMBER_OBJECT_CONVERSION = YES_AGGRESSIVE;
				CLANG_CXX_LANGUAGE_STANDARD = "gnu++14";
				CLANG_CXX_LIBRARY = "libc++";
				CLANG_ENABLE_MODULES = YES;
				CLANG_ENABLE_OBJC_ARC = YES;
				CLANG_ENABLE_OBJC_WEAK = YES;
				CLANG_WARN_BLOCK_CAPTURE_AUTORELEASING = YES;
				CLANG_WARN_BOOL_CONVERSION = YES;
				CLANG_WARN_COMMA = YES;
				CLANG_WARN_CONSTANT_CONVERSION = YES;
				CLANG_WARN_DEPRECATED_OBJC_IMPLEMENTATIONS = YES;
				CLANG_WARN_DIRECT_OBJC_ISA_USAGE = YES_ERROR;
				CLANG_WARN_DOCUMENTATION_COMMENTS = YES;
				CLANG_WARN_EMPTY_BODY = YES;
				CLANG_WARN_ENUM_CONVERSION = YES;
				CLANG_WARN_INFINITE_RECURSION = YES;
				CLANG_WARN_INT_CONVERSION = YES;
				CLANG_WARN_NON_LITERAL_NULL_CONVERSION = YES;
				CLANG_WARN_OBJC_IMPLICIT_RETAIN_SELF = YES;
				CLANG_WARN_OBJC_LITERAL_CONVERSION = YES;
				CLANG_WARN_OBJC_ROOT_CLASS = YES_ERROR;
				CLANG_WARN_RANGE_LOOP_ANALYSIS = YES;
				CLANG_WARN_STRICT_PROTOTYPES = YES;
				CLANG_WARN_SUSPICIOUS_MOVE = YES;
				CLANG_WARN_UNGUARDED_AVAILABILITY = YES_AGGRESSIVE;
				CLANG_WARN_UNREACHABLE_CODE = YES;
				CLANG_WARN__DUPLICATE_METHOD_MATCH = YES;
				CODE_SIGN_IDENTITY = "iPhone Developer";
				COPY_PHASE_STRIP = NO;
				DEBUG_INFORMATION_FORMAT = "dwarf-with-dsym";
				ENABLE_NS_ASSERTIONS = NO;
				ENABLE_STRICT_OBJC_MSGSEND = YES;
				GCC_C_LANGUAGE_STANDARD = gnu11;
				GCC_NO_COMMON_BLOCKS = YES;
				GCC_WARN_64_TO_32_BIT_CONVERSION = YES;
				GCC_WARN_ABOUT_RETURN_TYPE = YES_ERROR;
				GCC_WARN_UNDECLARED_SELECTOR = YES;
				GCC_WARN_UNINITIALIZED_AUTOS = YES_AGGRESSIVE;
				GCC_WARN_UNUSED_FUNCTION = YES;
				GCC_WARN_UNUSED_VARIABLE = YES;
				IPHONEOS_DEPLOYMENT_TARGET = 12.2;
				MTL_ENABLE_DEBUG_INFO = NO;
				MTL_FAST_MATH = YES;
				SDKROOT = iphoneos;
				SWIFT_COMPILATION_MODE = wholemodule;
				SWIFT_OPTIMIZATION_LEVEL = "-O";
				VALIDATE_PRODUCT = YES;
			};
			name = Release;
		};
		8A4554CD22AE837C009764DF /* Debug */ = {
			isa = XCBuildConfiguration;
			buildSettings = {
				ASSETCATALOG_COMPILER_APPICON_NAME = AppIcon;
				CODE_SIGN_STYLE = Automatic;
				DEVELOPMENT_TEAM = ZJDDP65ZQ3;
				INFOPLIST_FILE = "CoreData CollectionView/Info.plist";
				LD_RUNPATH_SEARCH_PATHS = (
					"$(inherited)",
					"@executable_path/Frameworks",
				);
				PRODUCT_BUNDLE_IDENTIFIER = "matheus.CoreData-CollectionView";
				PRODUCT_NAME = "$(TARGET_NAME)";
				SWIFT_VERSION = 5.0;
				TARGETED_DEVICE_FAMILY = "1,2";
			};
			name = Debug;
		};
		8A4554CE22AE837C009764DF /* Release */ = {
			isa = XCBuildConfiguration;
			buildSettings = {
				ASSETCATALOG_COMPILER_APPICON_NAME = AppIcon;
				CODE_SIGN_STYLE = Automatic;
				DEVELOPMENT_TEAM = ZJDDP65ZQ3;
				INFOPLIST_FILE = "CoreData CollectionView/Info.plist";
				LD_RUNPATH_SEARCH_PATHS = (
					"$(inherited)",
					"@executable_path/Frameworks",
				);
				PRODUCT_BUNDLE_IDENTIFIER = "matheus.CoreData-CollectionView";
				PRODUCT_NAME = "$(TARGET_NAME)";
				SWIFT_VERSION = 5.0;
				TARGETED_DEVICE_FAMILY = "1,2";
			};
			name = Release;
		};
/* End XCBuildConfiguration section */

/* Begin XCConfigurationList section */
		8A4554B222AE837B009764DF /* Build configuration list for PBXProject "CoreData CollectionView" */ = {
			isa = XCConfigurationList;
			buildConfigurations = (
				8A4554CA22AE837C009764DF /* Debug */,
				8A4554CB22AE837C009764DF /* Release */,
			);
			defaultConfigurationIsVisible = 0;
			defaultConfigurationName = Release;
		};
		8A4554CC22AE837C009764DF /* Build configuration list for PBXNativeTarget "CoreData CollectionView" */ = {
			isa = XCConfigurationList;
			buildConfigurations = (
				8A4554CD22AE837C009764DF /* Debug */,
				8A4554CE22AE837C009764DF /* Release */,
			);
			defaultConfigurationIsVisible = 0;
			defaultConfigurationName = Release;
		};
/* End XCConfigurationList section */

/* Begin XCVersionGroup section */
		8A4554C122AE837B009764DF /* CoreData_CollectionView.xcdatamodeld */ = {
			isa = XCVersionGroup;
			children = (
				8A4554C222AE837B009764DF /* CoreData_CollectionView.xcdatamodel */,
			);
			currentVersion = 8A4554C222AE837B009764DF /* CoreData_CollectionView.xcdatamodel */;
			path = CoreData_CollectionView.xcdatamodeld;
			sourceTree = "<group>";
			versionGroupType = wrapper.xcdatamodel;
		};
/* End XCVersionGroup section */
	};
	rootObject = 8A4554AF22AE837B009764DF /* Project object */;
}
